// !$*UTF8*$!
{
	archiveVersion = 1;
	classes = {
	};
	objectVersion = 56;
	objects = {

/* Begin PBXBuildFile section */
		FA890AA12B812B0E00A27913 /* BackgroundImageView.swift in Sources */ = {isa = PBXBuildFile; fileRef = FA890AA02B812B0E00A27913 /* BackgroundImageView.swift */; };
		FA890AA52B81550100A27913 /* Colors.xcassets in Resources */ = {isa = PBXBuildFile; fileRef = FA890AA42B81550100A27913 /* Colors.xcassets */; };
		FA890AA72B81EF5100A27913 /* ViewExtensions.swift in Sources */ = {isa = PBXBuildFile; fileRef = FA890AA62B81EF5100A27913 /* ViewExtensions.swift */; };
		FA90A61D2B7CD70B00FAB59F /* ImagePicker.swift in Sources */ = {isa = PBXBuildFile; fileRef = FA90A61C2B7CD70B00FAB59F /* ImagePicker.swift */; };
		FA90A61F2B7E1B3A00FAB59F /* HappyBirthdayView.swift in Sources */ = {isa = PBXBuildFile; fileRef = FA90A61E2B7E1B3A00FAB59F /* HappyBirthdayView.swift */; };
		FA90A6212B7E2F0500FAB59F /* CongratulationsView.swift in Sources */ = {isa = PBXBuildFile; fileRef = FA90A6202B7E2F0500FAB59F /* CongratulationsView.swift */; };
		FAB29A382B7FB66100C87330 /* ColorPalette.swift in Sources */ = {isa = PBXBuildFile; fileRef = FAB29A372B7FB66100C87330 /* ColorPalette.swift */; };
		FAB29A3A2B7FB68100C87330 /* DetailsViewModel.swift in Sources */ = {isa = PBXBuildFile; fileRef = FAB29A392B7FB68100C87330 /* DetailsViewModel.swift */; };
		FAB29A3C2B7FBA0B00C87330 /* HappyBirthdayViewModel.swift in Sources */ = {isa = PBXBuildFile; fileRef = FAB29A3B2B7FBA0B00C87330 /* HappyBirthdayViewModel.swift */; };
		FAB29A3E2B7FBDB100C87330 /* DataSource.swift in Sources */ = {isa = PBXBuildFile; fileRef = FAB29A3D2B7FBDB100C87330 /* DataSource.swift */; };
		FAC1FE412B8217AF0058BFB4 /* README.md in Resources */ = {isa = PBXBuildFile; fileRef = FAC1FE402B8217AF0058BFB4 /* README.md */; };
		FAE31D7C2B7B8A1900C90B20 /* HappyBirthdayApp.swift in Sources */ = {isa = PBXBuildFile; fileRef = FAE31D7B2B7B8A1900C90B20 /* HappyBirthdayApp.swift */; };
		FAE31D7E2B7B8A1900C90B20 /* DetailsView.swift in Sources */ = {isa = PBXBuildFile; fileRef = FAE31D7D2B7B8A1900C90B20 /* DetailsView.swift */; };
		FAE31D802B7B8A1C00C90B20 /* Assets.xcassets in Resources */ = {isa = PBXBuildFile; fileRef = FAE31D7F2B7B8A1C00C90B20 /* Assets.xcassets */; };
		FAE31D832B7B8A1C00C90B20 /* Preview Assets.xcassets in Resources */ = {isa = PBXBuildFile; fileRef = FAE31D822B7B8A1C00C90B20 /* Preview Assets.xcassets */; };
		FAE31D8A2B7B9B3C00C90B20 /* ColorExtensions.swift in Sources */ = {isa = PBXBuildFile; fileRef = FAE31D892B7B9B3C00C90B20 /* ColorExtensions.swift */; };
		FAE31D8C2B7B9D4A00C90B20 /* ActionButtonView.swift in Sources */ = {isa = PBXBuildFile; fileRef = FAE31D8B2B7B9D4A00C90B20 /* ActionButtonView.swift */; };
		FAE31D8E2B7BAE6700C90B20 /* CelebrantPhotoView.swift in Sources */ = {isa = PBXBuildFile; fileRef = FAE31D8D2B7BAE6700C90B20 /* CelebrantPhotoView.swift */; };
		FAE31D952B7BC01200C90B20 /* CelebrantData.swift in Sources */ = {isa = PBXBuildFile; fileRef = FAE31D942B7BC01200C90B20 /* CelebrantData.swift */; };
		FAE31D992B7BD51F00C90B20 /* CameraManager.swift in Sources */ = {isa = PBXBuildFile; fileRef = FAE31D982B7BD51F00C90B20 /* CameraManager.swift */; };
		FAE31DA62B7BDD0A00C90B20 /* CameraError.swift in Sources */ = {isa = PBXBuildFile; fileRef = FAE31DA52B7BDD0A00C90B20 /* CameraError.swift */; };
		FAE31DAC2B7BE1AD00C90B20 /* CameraErrorView.swift in Sources */ = {isa = PBXBuildFile; fileRef = FAE31DAB2B7BE1AD00C90B20 /* CameraErrorView.swift */; };
/* End PBXBuildFile section */

/* Begin PBXFileReference section */
		FA890AA02B812B0E00A27913 /* BackgroundImageView.swift */ = {isa = PBXFileReference; lastKnownFileType = sourcecode.swift; path = BackgroundImageView.swift; sourceTree = "<group>"; };
		FA890AA42B81550100A27913 /* Colors.xcassets */ = {isa = PBXFileReference; lastKnownFileType = folder.assetcatalog; path = Colors.xcassets; sourceTree = "<group>"; };
		FA890AA62B81EF5100A27913 /* ViewExtensions.swift */ = {isa = PBXFileReference; fileEncoding = 4; lastKnownFileType = sourcecode.swift; path = ViewExtensions.swift; sourceTree = "<group>"; };
		FA90A61C2B7CD70B00FAB59F /* ImagePicker.swift */ = {isa = PBXFileReference; lastKnownFileType = sourcecode.swift; path = ImagePicker.swift; sourceTree = "<group>"; };
		FA90A61E2B7E1B3A00FAB59F /* HappyBirthdayView.swift */ = {isa = PBXFileReference; lastKnownFileType = sourcecode.swift; path = HappyBirthdayView.swift; sourceTree = "<group>"; };
		FA90A6202B7E2F0500FAB59F /* CongratulationsView.swift */ = {isa = PBXFileReference; lastKnownFileType = sourcecode.swift; path = CongratulationsView.swift; sourceTree = "<group>"; };
		FAB29A372B7FB66100C87330 /* ColorPalette.swift */ = {isa = PBXFileReference; fileEncoding = 4; lastKnownFileType = sourcecode.swift; path = ColorPalette.swift; sourceTree = "<group>"; };
		FAB29A392B7FB68100C87330 /* DetailsViewModel.swift */ = {isa = PBXFileReference; lastKnownFileType = sourcecode.swift; path = DetailsViewModel.swift; sourceTree = "<group>"; };
		FAB29A3B2B7FBA0B00C87330 /* HappyBirthdayViewModel.swift */ = {isa = PBXFileReference; lastKnownFileType = sourcecode.swift; path = HappyBirthdayViewModel.swift; sourceTree = "<group>"; };
		FAB29A3D2B7FBDB100C87330 /* DataSource.swift */ = {isa = PBXFileReference; lastKnownFileType = sourcecode.swift; path = DataSource.swift; sourceTree = "<group>"; };
		FAC1FE402B8217AF0058BFB4 /* README.md */ = {isa = PBXFileReference; fileEncoding = 4; lastKnownFileType = net.daringfireball.markdown; path = README.md; sourceTree = SOURCE_ROOT; };
		FAE31D782B7B8A1900C90B20 /* nanit-happy-birthday.app */ = {isa = PBXFileReference; explicitFileType = wrapper.application; includeInIndex = 0; path = "nanit-happy-birthday.app"; sourceTree = BUILT_PRODUCTS_DIR; };
		FAE31D7B2B7B8A1900C90B20 /* HappyBirthdayApp.swift */ = {isa = PBXFileReference; lastKnownFileType = sourcecode.swift; path = HappyBirthdayApp.swift; sourceTree = "<group>"; };
		FAE31D7D2B7B8A1900C90B20 /* DetailsView.swift */ = {isa = PBXFileReference; lastKnownFileType = sourcecode.swift; path = DetailsView.swift; sourceTree = "<group>"; };
		FAE31D7F2B7B8A1C00C90B20 /* Assets.xcassets */ = {isa = PBXFileReference; lastKnownFileType = folder.assetcatalog; path = Assets.xcassets; sourceTree = "<group>"; };
		FAE31D822B7B8A1C00C90B20 /* Preview Assets.xcassets */ = {isa = PBXFileReference; lastKnownFileType = folder.assetcatalog; path = "Preview Assets.xcassets"; sourceTree = "<group>"; };
		FAE31D892B7B9B3C00C90B20 /* ColorExtensions.swift */ = {isa = PBXFileReference; lastKnownFileType = sourcecode.swift; path = ColorExtensions.swift; sourceTree = "<group>"; };
		FAE31D8B2B7B9D4A00C90B20 /* ActionButtonView.swift */ = {isa = PBXFileReference; lastKnownFileType = sourcecode.swift; path = ActionButtonView.swift; sourceTree = "<group>"; };
		FAE31D8D2B7BAE6700C90B20 /* CelebrantPhotoView.swift */ = {isa = PBXFileReference; lastKnownFileType = sourcecode.swift; path = CelebrantPhotoView.swift; sourceTree = "<group>"; };
		FAE31D942B7BC01200C90B20 /* CelebrantData.swift */ = {isa = PBXFileReference; lastKnownFileType = sourcecode.swift; path = CelebrantData.swift; sourceTree = "<group>"; };
		FAE31D982B7BD51F00C90B20 /* CameraManager.swift */ = {isa = PBXFileReference; lastKnownFileType = sourcecode.swift; path = CameraManager.swift; sourceTree = "<group>"; };
		FAE31DA52B7BDD0A00C90B20 /* CameraError.swift */ = {isa = PBXFileReference; lastKnownFileType = sourcecode.swift; path = CameraError.swift; sourceTree = "<group>"; };
		FAE31DAB2B7BE1AD00C90B20 /* CameraErrorView.swift */ = {isa = PBXFileReference; fileEncoding = 4; lastKnownFileType = sourcecode.swift; path = CameraErrorView.swift; sourceTree = "<group>"; };
/* End PBXFileReference section */

/* Begin PBXFrameworksBuildPhase section */
		FAE31D752B7B8A1900C90B20 /* Frameworks */ = {
			isa = PBXFrameworksBuildPhase;
			buildActionMask = 2147483647;
			files = (
			);
			runOnlyForDeploymentPostprocessing = 0;
		};
/* End PBXFrameworksBuildPhase section */

/* Begin PBXGroup section */
		FA890A9D2B80E55500A27913 /* Data */ = {
			isa = PBXGroup;
			children = (
				FAB29A3D2B7FBDB100C87330 /* DataSource.swift */,
				FAE31D942B7BC01200C90B20 /* CelebrantData.swift */,
			);
			path = Data;
			sourceTree = "<group>";
		};
		FA890A9F2B80F49C00A27913 /* Photo picker */ = {
			isa = PBXGroup;
			children = (
				FA90A61C2B7CD70B00FAB59F /* ImagePicker.swift */,
				FAE31DAD2B7BE3F700C90B20 /* Camera */,
			);
			path = "Photo picker";
			sourceTree = "<group>";
		};
		FAB29A342B7FB5A200C87330 /* Details screen */ = {
			isa = PBXGroup;
			children = (
				FAE31D7D2B7B8A1900C90B20 /* DetailsView.swift */,
				FAB29A392B7FB68100C87330 /* DetailsViewModel.swift */,
			);
			path = "Details screen";
			sourceTree = "<group>";
		};
		FAB29A352B7FB5BF00C87330 /* Birthday screen */ = {
			isa = PBXGroup;
			children = (
				FA90A61E2B7E1B3A00FAB59F /* HappyBirthdayView.swift */,
				FAB29A3B2B7FBA0B00C87330 /* HappyBirthdayViewModel.swift */,
				FA90A6202B7E2F0500FAB59F /* CongratulationsView.swift */,
				FA890AA02B812B0E00A27913 /* BackgroundImageView.swift */,
			);
			path = "Birthday screen";
			sourceTree = "<group>";
		};
		FAB29A362B7FB5D800C87330 /* Common */ = {
			isa = PBXGroup;
			children = (
				FAE31D8D2B7BAE6700C90B20 /* CelebrantPhotoView.swift */,
				FAE31D8B2B7B9D4A00C90B20 /* ActionButtonView.swift */,
				FAE31D892B7B9B3C00C90B20 /* ColorExtensions.swift */,
				FAB29A372B7FB66100C87330 /* ColorPalette.swift */,
				FA890AA62B81EF5100A27913 /* ViewExtensions.swift */,
			);
			path = Common;
			sourceTree = "<group>";
		};
		FAE31D6F2B7B8A1800C90B20 = {
			isa = PBXGroup;
			children = (
				FAE31D7A2B7B8A1900C90B20 /* nanit-happy-birthday */,
				FAC1FE402B8217AF0058BFB4 /* README.md */,
				FAE31D792B7B8A1900C90B20 /* Products */,
			);
			sourceTree = "<group>";
		};
		FAE31D792B7B8A1900C90B20 /* Products */ = {
			isa = PBXGroup;
			children = (
				FAE31D782B7B8A1900C90B20 /* nanit-happy-birthday.app */,
			);
			name = Products;
			sourceTree = "<group>";
		};
		FAE31D7A2B7B8A1900C90B20 /* nanit-happy-birthday */ = {
			isa = PBXGroup;
			children = (
				FAE31D7B2B7B8A1900C90B20 /* HappyBirthdayApp.swift */,
				FAB29A342B7FB5A200C87330 /* Details screen */,
				FAB29A352B7FB5BF00C87330 /* Birthday screen */,
				FA890A9F2B80F49C00A27913 /* Photo picker */,
				FA890A9D2B80E55500A27913 /* Data */,
				FAB29A362B7FB5D800C87330 /* Common */,
				FAE31D7F2B7B8A1C00C90B20 /* Assets.xcassets */,
				FA890AA42B81550100A27913 /* Colors.xcassets */,
				FAE31D812B7B8A1C00C90B20 /* Preview Content */,
			);
			path = "nanit-happy-birthday";
			sourceTree = "<group>";
		};
		FAE31D812B7B8A1C00C90B20 /* Preview Content */ = {
			isa = PBXGroup;
			children = (
				FAE31D822B7B8A1C00C90B20 /* Preview Assets.xcassets */,
			);
			path = "Preview Content";
			sourceTree = "<group>";
		};
		FAE31DAD2B7BE3F700C90B20 /* Camera */ = {
			isa = PBXGroup;
			children = (
				FAE31D982B7BD51F00C90B20 /* CameraManager.swift */,
				FAE31DAB2B7BE1AD00C90B20 /* CameraErrorView.swift */,
				FAE31DA52B7BDD0A00C90B20 /* CameraError.swift */,
			);
			path = Camera;
			sourceTree = "<group>";
		};
/* End PBXGroup section */

/* Begin PBXNativeTarget section */
		FAE31D772B7B8A1900C90B20 /* nanit-happy-birthday */ = {
			isa = PBXNativeTarget;
			buildConfigurationList = FAE31D862B7B8A1C00C90B20 /* Build configuration list for PBXNativeTarget "nanit-happy-birthday" */;
			buildPhases = (
				FAE31D742B7B8A1900C90B20 /* Sources */,
				FAE31D752B7B8A1900C90B20 /* Frameworks */,
				FAE31D762B7B8A1900C90B20 /* Resources */,
			);
			buildRules = (
			);
			dependencies = (
			);
			name = "nanit-happy-birthday";
			productName = "nanit-happy-birthday";
			productReference = FAE31D782B7B8A1900C90B20 /* nanit-happy-birthday.app */;
			productType = "com.apple.product-type.application";
		};
/* End PBXNativeTarget section */

/* Begin PBXProject section */
		FAE31D702B7B8A1800C90B20 /* Project object */ = {
			isa = PBXProject;
			attributes = {
				BuildIndependentTargetsInParallel = 1;
				LastSwiftUpdateCheck = 1520;
				LastUpgradeCheck = 1520;
				TargetAttributes = {
					FAE31D772B7B8A1900C90B20 = {
						CreatedOnToolsVersion = 15.2;
					};
				};
			};
			buildConfigurationList = FAE31D732B7B8A1800C90B20 /* Build configuration list for PBXProject "nanit-happy-birthday" */;
			compatibilityVersion = "Xcode 14.0";
			developmentRegion = en;
			hasScannedForEncodings = 0;
			knownRegions = (
				en,
				Base,
			);
			mainGroup = FAE31D6F2B7B8A1800C90B20;
			productRefGroup = FAE31D792B7B8A1900C90B20 /* Products */;
			projectDirPath = "";
			projectRoot = "";
			targets = (
				FAE31D772B7B8A1900C90B20 /* nanit-happy-birthday */,
			);
		};
/* End PBXProject section */

/* Begin PBXResourcesBuildPhase section */
		FAE31D762B7B8A1900C90B20 /* Resources */ = {
			isa = PBXResourcesBuildPhase;
			buildActionMask = 2147483647;
			files = (
				FA890AA52B81550100A27913 /* Colors.xcassets in Resources */,
				FAE31D832B7B8A1C00C90B20 /* Preview Assets.xcassets in Resources */,
				FAC1FE412B8217AF0058BFB4 /* README.md in Resources */,
				FAE31D802B7B8A1C00C90B20 /* Assets.xcassets in Resources */,
			);
			runOnlyForDeploymentPostprocessing = 0;
		};
/* End PBXResourcesBuildPhase section */

/* Begin PBXSourcesBuildPhase section */
		FAE31D742B7B8A1900C90B20 /* Sources */ = {
			isa = PBXSourcesBuildPhase;
			buildActionMask = 2147483647;
			files = (
				FAE31D7E2B7B8A1900C90B20 /* DetailsView.swift in Sources */,
				FAE31D7C2B7B8A1900C90B20 /* HappyBirthdayApp.swift in Sources */,
				FAE31D952B7BC01200C90B20 /* CelebrantData.swift in Sources */,
				FAE31D8A2B7B9B3C00C90B20 /* ColorExtensions.swift in Sources */,
				FA890AA72B81EF5100A27913 /* ViewExtensions.swift in Sources */,
				FAE31D8E2B7BAE6700C90B20 /* CelebrantPhotoView.swift in Sources */,
				FA90A61F2B7E1B3A00FAB59F /* HappyBirthdayView.swift in Sources */,
				FAE31D8C2B7B9D4A00C90B20 /* ActionButtonView.swift in Sources */,
				FAB29A382B7FB66100C87330 /* ColorPalette.swift in Sources */,
				FA890AA12B812B0E00A27913 /* BackgroundImageView.swift in Sources */,
				FAE31DAC2B7BE1AD00C90B20 /* CameraErrorView.swift in Sources */,
				FAB29A3E2B7FBDB100C87330 /* DataSource.swift in Sources */,
				FA90A61D2B7CD70B00FAB59F /* ImagePicker.swift in Sources */,
				FAE31D992B7BD51F00C90B20 /* CameraManager.swift in Sources */,
				FAB29A3A2B7FB68100C87330 /* DetailsViewModel.swift in Sources */,
				FA90A6212B7E2F0500FAB59F /* CongratulationsView.swift in Sources */,
				FAE31DA62B7BDD0A00C90B20 /* CameraError.swift in Sources */,
				FAB29A3C2B7FBA0B00C87330 /* HappyBirthdayViewModel.swift in Sources */,
			);
			runOnlyForDeploymentPostprocessing = 0;
		};
/* End PBXSourcesBuildPhase section */

/* Begin XCBuildConfiguration section */
		FAE31D842B7B8A1C00C90B20 /* Debug */ = {
			isa = XCBuildConfiguration;
			buildSettings = {
				ALWAYS_SEARCH_USER_PATHS = NO;
				ASSETCATALOG_COMPILER_GENERATE_SWIFT_ASSET_SYMBOL_EXTENSIONS = YES;
				CLANG_ANALYZER_NONNULL = YES;
				CLANG_ANALYZER_NUMBER_OBJECT_CONVERSION = YES_AGGRESSIVE;
				CLANG_CXX_LANGUAGE_STANDARD = "gnu++20";
				CLANG_ENABLE_MODULES = YES;
				CLANG_ENABLE_OBJC_ARC = YES;
				CLANG_ENABLE_OBJC_WEAK = YES;
				CLANG_WARN_BLOCK_CAPTURE_AUTORELEASING = YES;
				CLANG_WARN_BOOL_CONVERSION = YES;
				CLANG_WARN_COMMA = YES;
				CLANG_WARN_CONSTANT_CONVERSION = YES;
				CLANG_WARN_DEPRECATED_OBJC_IMPLEMENTATIONS = YES;
				CLANG_WARN_DIRECT_OBJC_ISA_USAGE = YES_ERROR;
				CLANG_WARN_DOCUMENTATION_COMMENTS = YES;
				CLANG_WARN_EMPTY_BODY = YES;
				CLANG_WARN_ENUM_CONVERSION = YES;
				CLANG_WARN_INFINITE_RECURSION = YES;
				CLANG_WARN_INT_CONVERSION = YES;
				CLANG_WARN_NON_LITERAL_NULL_CONVERSION = YES;
				CLANG_WARN_OBJC_IMPLICIT_RETAIN_SELF = YES;
				CLANG_WARN_OBJC_LITERAL_CONVERSION = YES;
				CLANG_WARN_OBJC_ROOT_CLASS = YES_ERROR;
				CLANG_WARN_QUOTED_INCLUDE_IN_FRAMEWORK_HEADER = YES;
				CLANG_WARN_RANGE_LOOP_ANALYSIS = YES;
				CLANG_WARN_STRICT_PROTOTYPES = YES;
				CLANG_WARN_SUSPICIOUS_MOVE = YES;
				CLANG_WARN_UNGUARDED_AVAILABILITY = YES_AGGRESSIVE;
				CLANG_WARN_UNREACHABLE_CODE = YES;
				CLANG_WARN__DUPLICATE_METHOD_MATCH = YES;
				COPY_PHASE_STRIP = NO;
				DEBUG_INFORMATION_FORMAT = dwarf;
				ENABLE_STRICT_OBJC_MSGSEND = YES;
				ENABLE_TESTABILITY = YES;
				ENABLE_USER_SCRIPT_SANDBOXING = YES;
				GCC_C_LANGUAGE_STANDARD = gnu17;
				GCC_DYNAMIC_NO_PIC = NO;
				GCC_NO_COMMON_BLOCKS = YES;
				GCC_OPTIMIZATION_LEVEL = 0;
				GCC_PREPROCESSOR_DEFINITIONS = (
					"DEBUG=1",
					"$(inherited)",
				);
				GCC_WARN_64_TO_32_BIT_CONVERSION = YES;
				GCC_WARN_ABOUT_RETURN_TYPE = YES_ERROR;
				GCC_WARN_UNDECLARED_SELECTOR = YES;
				GCC_WARN_UNINITIALIZED_AUTOS = YES_AGGRESSIVE;
				GCC_WARN_UNUSED_FUNCTION = YES;
				GCC_WARN_UNUSED_VARIABLE = YES;
				IPHONEOS_DEPLOYMENT_TARGET = 16.0;
				LOCALIZATION_PREFERS_STRING_CATALOGS = YES;
				MTL_ENABLE_DEBUG_INFO = INCLUDE_SOURCE;
				MTL_FAST_MATH = YES;
				ONLY_ACTIVE_ARCH = YES;
				SDKROOT = iphoneos;
				SWIFT_ACTIVE_COMPILATION_CONDITIONS = "DEBUG $(inherited)";
				SWIFT_OPTIMIZATION_LEVEL = "-Onone";
			};
			name = Debug;
		};
		FAE31D852B7B8A1C00C90B20 /* Release */ = {
			isa = XCBuildConfiguration;
			buildSettings = {
				ALWAYS_SEARCH_USER_PATHS = NO;
				ASSETCATALOG_COMPILER_GENERATE_SWIFT_ASSET_SYMBOL_EXTENSIONS = YES;
				CLANG_ANALYZER_NONNULL = YES;
				CLANG_ANALYZER_NUMBER_OBJECT_CONVERSION = YES_AGGRESSIVE;
				CLANG_CXX_LANGUAGE_STANDARD = "gnu++20";
				CLANG_ENABLE_MODULES = YES;
				CLANG_ENABLE_OBJC_ARC = YES;
				CLANG_ENABLE_OBJC_WEAK = YES;
				CLANG_WARN_BLOCK_CAPTURE_AUTORELEASING = YES;
				CLANG_WARN_BOOL_CONVERSION = YES;
				CLANG_WARN_COMMA = YES;
				CLANG_WARN_CONSTANT_CONVERSION = YES;
				CLANG_WARN_DEPRECATED_OBJC_IMPLEMENTATIONS = YES;
				CLANG_WARN_DIRECT_OBJC_ISA_USAGE = YES_ERROR;
				CLANG_WARN_DOCUMENTATION_COMMENTS = YES;
				CLANG_WARN_EMPTY_BODY = YES;
				CLANG_WARN_ENUM_CONVERSION = YES;
				CLANG_WARN_INFINITE_RECURSION = YES;
				CLANG_WARN_INT_CONVERSION = YES;
				CLANG_WARN_NON_LITERAL_NULL_CONVERSION = YES;
				CLANG_WARN_OBJC_IMPLICIT_RETAIN_SELF = YES;
				CLANG_WARN_OBJC_LITERAL_CONVERSION = YES;
				CLANG_WARN_OBJC_ROOT_CLASS = YES_ERROR;
				CLANG_WARN_QUOTED_INCLUDE_IN_FRAMEWORK_HEADER = YES;
				CLANG_WARN_RANGE_LOOP_ANALYSIS = YES;
				CLANG_WARN_STRICT_PROTOTYPES = YES;
				CLANG_WARN_SUSPICIOUS_MOVE = YES;
				CLANG_WARN_UNGUARDED_AVAILABILITY = YES_AGGRESSIVE;
				CLANG_WARN_UNREACHABLE_CODE = YES;
				CLANG_WARN__DUPLICATE_METHOD_MATCH = YES;
				COPY_PHASE_STRIP = NO;
				DEBUG_INFORMATION_FORMAT = "dwarf-with-dsym";
				ENABLE_NS_ASSERTIONS = NO;
				ENABLE_STRICT_OBJC_MSGSEND = YES;
				ENABLE_USER_SCRIPT_SANDBOXING = YES;
				GCC_C_LANGUAGE_STANDARD = gnu17;
				GCC_NO_COMMON_BLOCKS = YES;
				GCC_WARN_64_TO_32_BIT_CONVERSION = YES;
				GCC_WARN_ABOUT_RETURN_TYPE = YES_ERROR;
				GCC_WARN_UNDECLARED_SELECTOR = YES;
				GCC_WARN_UNINITIALIZED_AUTOS = YES_AGGRESSIVE;
				GCC_WARN_UNUSED_FUNCTION = YES;
				GCC_WARN_UNUSED_VARIABLE = YES;
				IPHONEOS_DEPLOYMENT_TARGET = 16.0;
				LOCALIZATION_PREFERS_STRING_CATALOGS = YES;
				MTL_ENABLE_DEBUG_INFO = NO;
				MTL_FAST_MATH = YES;
				SDKROOT = iphoneos;
				SWIFT_COMPILATION_MODE = wholemodule;
				VALIDATE_PRODUCT = YES;
			};
			name = Release;
		};
		FAE31D872B7B8A1C00C90B20 /* Debug */ = {
			isa = XCBuildConfiguration;
			buildSettings = {
				ASSETCATALOG_COMPILER_APPICON_NAME = AppIcon;
				ASSETCATALOG_COMPILER_GLOBAL_ACCENT_COLOR_NAME = AccentColor;
				CODE_SIGN_STYLE = Automatic;
				CURRENT_PROJECT_VERSION = 1;
				DEVELOPMENT_ASSET_PATHS = "\"nanit-happy-birthday/Preview Content\"";
				DEVELOPMENT_TEAM = 64KZQ8QMLU;
				ENABLE_PREVIEWS = YES;
				GENERATE_INFOPLIST_FILE = YES;
				INFOPLIST_KEY_NSCameraUsageDescription = "";
				INFOPLIST_KEY_NSPhotoLibraryUsageDescription = "";
				INFOPLIST_KEY_UIApplicationSceneManifest_Generation = YES;
				INFOPLIST_KEY_UIApplicationSupportsIndirectInputEvents = YES;
				INFOPLIST_KEY_UILaunchScreen_Generation = YES;
				INFOPLIST_KEY_UISupportedInterfaceOrientations = UIInterfaceOrientationPortrait;
				INFOPLIST_KEY_UISupportedInterfaceOrientations_iPad = "UIInterfaceOrientationLandscapeLeft UIInterfaceOrientationLandscapeRight UIInterfaceOrientationPortrait UIInterfaceOrientationPortraitUpsideDown";
				IPHONEOS_DEPLOYMENT_TARGET = 16.0;
				LD_RUNPATH_SEARCH_PATHS = (
					"$(inherited)",
					"@executable_path/Frameworks",
				);
				MARKETING_VERSION = 1.0;
				PRODUCT_BUNDLE_IDENTIFIER = "Home.nanit-happy-birthday";
				PRODUCT_NAME = "$(TARGET_NAME)";
				SWIFT_EMIT_LOC_STRINGS = YES;
				SWIFT_VERSION = 5.0;
				TARGETED_DEVICE_FAMILY = "1,2";
			};
			name = Debug;
		};
		FAE31D882B7B8A1C00C90B20 /* Release */ = {
			isa = XCBuildConfiguration;
			buildSettings = {
				ASSETCATALOG_COMPILER_APPICON_NAME = AppIcon;
				ASSETCATALOG_COMPILER_GLOBAL_ACCENT_COLOR_NAME = AccentColor;
				CODE_SIGN_STYLE = Automatic;
				CURRENT_PROJECT_VERSION = 1;
				DEVELOPMENT_ASSET_PATHS = "\"nanit-happy-birthday/Preview Content\"";
				DEVELOPMENT_TEAM = 64KZQ8QMLU;
				ENABLE_PREVIEWS = YES;
				GENERATE_INFOPLIST_FILE = YES;
				INFOPLIST_KEY_NSCameraUsageDescription = "";
				INFOPLIST_KEY_NSPhotoLibraryUsageDescription = "";
				INFOPLIST_KEY_UIApplicationSceneManifest_Generation = YES;
				INFOPLIST_KEY_UIApplicationSupportsIndirectInputEvents = YES;
				INFOPLIST_KEY_UILaunchScreen_Generation = YES;
				INFOPLIST_KEY_UISupportedInterfaceOrientations = UIInterfaceOrientationPortrait;
				INFOPLIST_KEY_UISupportedInterfaceOrientations_iPad = "UIInterfaceOrientationLandscapeLeft UIInterfaceOrientationLandscapeRight UIInterfaceOrientationPortrait UIInterfaceOrientationPortraitUpsideDown";
				IPHONEOS_DEPLOYMENT_TARGET = 16.0;
				LD_RUNPATH_SEARCH_PATHS = (
					"$(inherited)",
					"@executable_path/Frameworks",
				);
				MARKETING_VERSION = 1.0;
				PRODUCT_BUNDLE_IDENTIFIER = "Home.nanit-happy-birthday";
				PRODUCT_NAME = "$(TARGET_NAME)";
				SWIFT_EMIT_LOC_STRINGS = YES;
				SWIFT_VERSION = 5.0;
				TARGETED_DEVICE_FAMILY = "1,2";
			};
			name = Release;
		};
/* End XCBuildConfiguration section */

/* Begin XCConfigurationList section */
		FAE31D732B7B8A1800C90B20 /* Build configuration list for PBXProject "nanit-happy-birthday" */ = {
			isa = XCConfigurationList;
			buildConfigurations = (
				FAE31D842B7B8A1C00C90B20 /* Debug */,
				FAE31D852B7B8A1C00C90B20 /* Release */,
			);
			defaultConfigurationIsVisible = 0;
			defaultConfigurationName = Release;
		};
		FAE31D862B7B8A1C00C90B20 /* Build configuration list for PBXNativeTarget "nanit-happy-birthday" */ = {
			isa = XCConfigurationList;
			buildConfigurations = (
				FAE31D872B7B8A1C00C90B20 /* Debug */,
				FAE31D882B7B8A1C00C90B20 /* Release */,
			);
			defaultConfigurationIsVisible = 0;
			defaultConfigurationName = Release;
		};
/* End XCConfigurationList section */
	};
	rootObject = FAE31D702B7B8A1800C90B20 /* Project object */;
}
