// !$*UTF8*$!
{
	archiveVersion = 1;
	classes = {
	};
	objectVersion = 56;
	objects = {

/* Begin PBXBuildFile section */
		FAE31D7C2B7B8A1900C90B20 /* nanit_happy_birthdayApp.swift in Sources */ = {isa = PBXBuildFile; fileRef = FAE31D7B2B7B8A1900C90B20 /* nanit_happy_birthdayApp.swift */; };
		FAE31D7E2B7B8A1900C90B20 /* DetailsView.swift in Sources */ = {isa = PBXBuildFile; fileRef = FAE31D7D2B7B8A1900C90B20 /* DetailsView.swift */; };
		FAE31D802B7B8A1C00C90B20 /* Assets.xcassets in Resources */ = {isa = PBXBuildFile; fileRef = FAE31D7F2B7B8A1C00C90B20 /* Assets.xcassets */; };
		FAE31D832B7B8A1C00C90B20 /* Preview Assets.xcassets in Resources */ = {isa = PBXBuildFile; fileRef = FAE31D822B7B8A1C00C90B20 /* Preview Assets.xcassets */; };
		FAE31D8A2B7B9B3C00C90B20 /* Color.swift in Sources */ = {isa = PBXBuildFile; fileRef = FAE31D892B7B9B3C00C90B20 /* Color.swift */; };
		FAE31D8C2B7B9D4A00C90B20 /* ActionButtonView.swift in Sources */ = {isa = PBXBuildFile; fileRef = FAE31D8B2B7B9D4A00C90B20 /* ActionButtonView.swift */; };
		FAE31D8E2B7BAE6700C90B20 /* PhotoBackgroundView.swift in Sources */ = {isa = PBXBuildFile; fileRef = FAE31D8D2B7BAE6700C90B20 /* PhotoBackgroundView.swift */; };
/* End PBXBuildFile section */

/* Begin PBXFileReference section */
		FAE31D782B7B8A1900C90B20 /* nanit-happy-birthday.app */ = {isa = PBXFileReference; explicitFileType = wrapper.application; includeInIndex = 0; path = "nanit-happy-birthday.app"; sourceTree = BUILT_PRODUCTS_DIR; };
		FAE31D7B2B7B8A1900C90B20 /* nanit_happy_birthdayApp.swift */ = {isa = PBXFileReference; lastKnownFileType = sourcecode.swift; path = nanit_happy_birthdayApp.swift; sourceTree = "<group>"; };
		FAE31D7D2B7B8A1900C90B20 /* DetailsView.swift */ = {isa = PBXFileReference; lastKnownFileType = sourcecode.swift; path = DetailsView.swift; sourceTree = "<group>"; };
		FAE31D7F2B7B8A1C00C90B20 /* Assets.xcassets */ = {isa = PBXFileReference; lastKnownFileType = folder.assetcatalog; path = Assets.xcassets; sourceTree = "<group>"; };
		FAE31D822B7B8A1C00C90B20 /* Preview Assets.xcassets */ = {isa = PBXFileReference; lastKnownFileType = folder.assetcatalog; path = "Preview Assets.xcassets"; sourceTree = "<group>"; };
		FAE31D892B7B9B3C00C90B20 /* Color.swift */ = {isa = PBXFileReference; lastKnownFileType = sourcecode.swift; path = Color.swift; sourceTree = "<group>"; };
		FAE31D8B2B7B9D4A00C90B20 /* ActionButtonView.swift */ = {isa = PBXFileReference; lastKnownFileType = sourcecode.swift; path = ActionButtonView.swift; sourceTree = "<group>"; };
		FAE31D8D2B7BAE6700C90B20 /* PhotoBackgroundView.swift */ = {isa = PBXFileReference; lastKnownFileType = sourcecode.swift; path = PhotoBackgroundView.swift; sourceTree = "<group>"; };
/* End PBXFileReference section */

/* Begin PBXFrameworksBuildPhase section */
		FAE31D752B7B8A1900C90B20 /* Frameworks */ = {
			isa = PBXFrameworksBuildPhase;
			buildActionMask = 2147483647;
			files = (
			);
			runOnlyForDeploymentPostprocessing = 0;
		};
/* End PBXFrameworksBuildPhase section */

/* Begin PBXGroup section */
		FAE31D6F2B7B8A1800C90B20 = {
			isa = PBXGroup;
			children = (
				FAE31D7A2B7B8A1900C90B20 /* nanit-happy-birthday */,
				FAE31D792B7B8A1900C90B20 /* Products */,
			);
			sourceTree = "<group>";
		};
		FAE31D792B7B8A1900C90B20 /* Products */ = {
			isa = PBXGroup;
			children = (
				FAE31D782B7B8A1900C90B20 /* nanit-happy-birthday.app */,
			);
			name = Products;
			sourceTree = "<group>";
		};
		FAE31D7A2B7B8A1900C90B20 /* nanit-happy-birthday */ = {
			isa = PBXGroup;
			children = (
				FAE31D8F2B7BBA6100C90B20 /* Views */,
				FAE31D7B2B7B8A1900C90B20 /* nanit_happy_birthdayApp.swift */,
				FAE31D7F2B7B8A1C00C90B20 /* Assets.xcassets */,
				FAE31D812B7B8A1C00C90B20 /* Preview Content */,
				FAE31D892B7B9B3C00C90B20 /* Color.swift */,
			);
			path = "nanit-happy-birthday";
			sourceTree = "<group>";
		};
		FAE31D812B7B8A1C00C90B20 /* Preview Content */ = {
			isa = PBXGroup;
			children = (
				FAE31D822B7B8A1C00C90B20 /* Preview Assets.xcassets */,
			);
			path = "Preview Content";
			sourceTree = "<group>";
		};
		FAE31D8F2B7BBA6100C90B20 /* Views */ = {
			isa = PBXGroup;
			children = (
				FAE31D7D2B7B8A1900C90B20 /* DetailsView.swift */,
				FAE31D902B7BBA7200C90B20 /* Common */,
			);
			path = Views;
			sourceTree = "<group>";
		};
		FAE31D902B7BBA7200C90B20 /* Common */ = {
			isa = PBXGroup;
			children = (
				FAE31D8D2B7BAE6700C90B20 /* PhotoBackgroundView.swift */,
				FAE31D8B2B7B9D4A00C90B20 /* ActionButtonView.swift */,
			);
			path = Common;
			sourceTree = "<group>";
		};
/* End PBXGroup section */

/* Begin PBXNativeTarget section */
		FAE31D772B7B8A1900C90B20 /* nanit-happy-birthday */ = {
			isa = PBXNativeTarget;
			buildConfigurationList = FAE31D862B7B8A1C00C90B20 /* Build configuration list for PBXNativeTarget "nanit-happy-birthday" */;
			buildPhases = (
				FAE31D742B7B8A1900C90B20 /* Sources */,
				FAE31D752B7B8A1900C90B20 /* Frameworks */,
				FAE31D762B7B8A1900C90B20 /* Resources */,
			);
			buildRules = (
			);
			dependencies = (
			);
			name = "nanit-happy-birthday";
			productName = "nanit-happy-birthday";
			productReference = FAE31D782B7B8A1900C90B20 /* nanit-happy-birthday.app */;
			productType = "com.apple.product-type.application";
		};
/* End PBXNativeTarget section */

/* Begin PBXProject section */
		FAE31D702B7B8A1800C90B20 /* Project object */ = {
			isa = PBXProject;
			attributes = {
				BuildIndependentTargetsInParallel = 1;
				LastSwiftUpdateCheck = 1520;
				LastUpgradeCheck = 1520;
				TargetAttributes = {
					FAE31D772B7B8A1900C90B20 = {
						CreatedOnToolsVersion = 15.2;
					};
				};
			};
			buildConfigurationList = FAE31D732B7B8A1800C90B20 /* Build configuration list for PBXProject "nanit-happy-birthday" */;
			compatibilityVersion = "Xcode 14.0";
			developmentRegion = en;
			hasScannedForEncodings = 0;
			knownRegions = (
				en,
				Base,
			);
			mainGroup = FAE31D6F2B7B8A1800C90B20;
			productRefGroup = FAE31D792B7B8A1900C90B20 /* Products */;
			projectDirPath = "";
			projectRoot = "";
			targets = (
				FAE31D772B7B8A1900C90B20 /* nanit-happy-birthday */,
			);
		};
/* End PBXProject section */

/* Begin PBXResourcesBuildPhase section */
		FAE31D762B7B8A1900C90B20 /* Resources */ = {
			isa = PBXResourcesBuildPhase;
			buildActionMask = 2147483647;
			files = (
				FAE31D832B7B8A1C00C90B20 /* Preview Assets.xcassets in Resources */,
				FAE31D802B7B8A1C00C90B20 /* Assets.xcassets in Resources */,
			);
			runOnlyForDeploymentPostprocessing = 0;
		};
/* End PBXResourcesBuildPhase section */

/* Begin PBXSourcesBuildPhase section */
		FAE31D742B7B8A1900C90B20 /* Sources */ = {
			isa = PBXSourcesBuildPhase;
			buildActionMask = 2147483647;
			files = (
				FAE31D7E2B7B8A1900C90B20 /* DetailsView.swift in Sources */,
				FAE31D7C2B7B8A1900C90B20 /* nanit_happy_birthdayApp.swift in Sources */,
				FAE31D8A2B7B9B3C00C90B20 /* Color.swift in Sources */,
				FAE31D8E2B7BAE6700C90B20 /* PhotoBackgroundView.swift in Sources */,
				FAE31D8C2B7B9D4A00C90B20 /* ActionButtonView.swift in Sources */,
			);
			runOnlyForDeploymentPostprocessing = 0;
		};
/* End PBXSourcesBuildPhase section */

/* Begin XCBuildConfiguration section */
		FAE31D842B7B8A1C00C90B20 /* Debug */ = {
			isa = XCBuildConfiguration;
			buildSettings = {
				ALWAYS_SEARCH_USER_PATHS = NO;
				ASSETCATALOG_COMPILER_GENERATE_SWIFT_ASSET_SYMBOL_EXTENSIONS = YES;
				CLANG_ANALYZER_NONNULL = YES;
				CLANG_ANALYZER_NUMBER_OBJECT_CONVERSION = YES_AGGRESSIVE;
				CLANG_CXX_LANGUAGE_STANDARD = "gnu++20";
				CLANG_ENABLE_MODULES = YES;
				CLANG_ENABLE_OBJC_ARC = YES;
				CLANG_ENABLE_OBJC_WEAK = YES;
				CLANG_WARN_BLOCK_CAPTURE_AUTORELEASING = YES;
				CLANG_WARN_BOOL_CONVERSION = YES;
				CLANG_WARN_COMMA = YES;
				CLANG_WARN_CONSTANT_CONVERSION = YES;
				CLANG_WARN_DEPRECATED_OBJC_IMPLEMENTATIONS = YES;
				CLANG_WARN_DIRECT_OBJC_ISA_USAGE = YES_ERROR;
				CLANG_WARN_DOCUMENTATION_COMMENTS = YES;
				CLANG_WARN_EMPTY_BODY = YES;
				CLANG_WARN_ENUM_CONVERSION = YES;
				CLANG_WARN_INFINITE_RECURSION = YES;
				CLANG_WARN_INT_CONVERSION = YES;
				CLANG_WARN_NON_LITERAL_NULL_CONVERSION = YES;
				CLANG_WARN_OBJC_IMPLICIT_RETAIN_SELF = YES;
				CLANG_WARN_OBJC_LITERAL_CONVERSION = YES;
				CLANG_WARN_OBJC_ROOT_CLASS = YES_ERROR;
				CLANG_WARN_QUOTED_INCLUDE_IN_FRAMEWORK_HEADER = YES;
				CLANG_WARN_RANGE_LOOP_ANALYSIS = YES;
				CLANG_WARN_STRICT_PROTOTYPES = YES;
				CLANG_WARN_SUSPICIOUS_MOVE = YES;
				CLANG_WARN_UNGUARDED_AVAILABILITY = YES_AGGRESSIVE;
				CLANG_WARN_UNREACHABLE_CODE = YES;
				CLANG_WARN__DUPLICATE_METHOD_MATCH = YES;
				COPY_PHASE_STRIP = NO;
				DEBUG_INFORMATION_FORMAT = dwarf;
				ENABLE_STRICT_OBJC_MSGSEND = YES;
				ENABLE_TESTABILITY = YES;
				ENABLE_USER_SCRIPT_SANDBOXING = YES;
				GCC_C_LANGUAGE_STANDARD = gnu17;
				GCC_DYNAMIC_NO_PIC = NO;
				GCC_NO_COMMON_BLOCKS = YES;
				GCC_OPTIMIZATION_LEVEL = 0;
				GCC_PREPROCESSOR_DEFINITIONS = (
					"DEBUG=1",
					"$(inherited)",
				);
				GCC_WARN_64_TO_32_BIT_CONVERSION = YES;
				GCC_WARN_ABOUT_RETURN_TYPE = YES_ERROR;
				GCC_WARN_UNDECLARED_SELECTOR = YES;
				GCC_WARN_UNINITIALIZED_AUTOS = YES_AGGRESSIVE;
				GCC_WARN_UNUSED_FUNCTION = YES;
				GCC_WARN_UNUSED_VARIABLE = YES;
				IPHONEOS_DEPLOYMENT_TARGET = 17.2;
				LOCALIZATION_PREFERS_STRING_CATALOGS = YES;
				MTL_ENABLE_DEBUG_INFO = INCLUDE_SOURCE;
				MTL_FAST_MATH = YES;
				ONLY_ACTIVE_ARCH = YES;
				SDKROOT = iphoneos;
				SWIFT_ACTIVE_COMPILATION_CONDITIONS = "DEBUG $(inherited)";
				SWIFT_OPTIMIZATION_LEVEL = "-Onone";
			};
			name = Debug;
		};
		FAE31D852B7B8A1C00C90B20 /* Release */ = {
			isa = XCBuildConfiguration;
			buildSettings = {
				ALWAYS_SEARCH_USER_PATHS = NO;
				ASSETCATALOG_COMPILER_GENERATE_SWIFT_ASSET_SYMBOL_EXTENSIONS = YES;
				CLANG_ANALYZER_NONNULL = YES;
				CLANG_ANALYZER_NUMBER_OBJECT_CONVERSION = YES_AGGRESSIVE;
				CLANG_CXX_LANGUAGE_STANDARD = "gnu++20";
				CLANG_ENABLE_MODULES = YES;
				CLANG_ENABLE_OBJC_ARC = YES;
				CLANG_ENABLE_OBJC_WEAK = YES;
				CLANG_WARN_BLOCK_CAPTURE_AUTORELEASING = YES;
				CLANG_WARN_BOOL_CONVERSION = YES;
				CLANG_WARN_COMMA = YES;
				CLANG_WARN_CONSTANT_CONVERSION = YES;
				CLANG_WARN_DEPRECATED_OBJC_IMPLEMENTATIONS = YES;
				CLANG_WARN_DIRECT_OBJC_ISA_USAGE = YES_ERROR;
				CLANG_WARN_DOCUMENTATION_COMMENTS = YES;
				CLANG_WARN_EMPTY_BODY = YES;
				CLANG_WARN_ENUM_CONVERSION = YES;
				CLANG_WARN_INFINITE_RECURSION = YES;
				CLANG_WARN_INT_CONVERSION = YES;
				CLANG_WARN_NON_LITERAL_NULL_CONVERSION = YES;
				CLANG_WARN_OBJC_IMPLICIT_RETAIN_SELF = YES;
				CLANG_WARN_OBJC_LITERAL_CONVERSION = YES;
				CLANG_WARN_OBJC_ROOT_CLASS = YES_ERROR;
				CLANG_WARN_QUOTED_INCLUDE_IN_FRAMEWORK_HEADER = YES;
				CLANG_WARN_RANGE_LOOP_ANALYSIS = YES;
				CLANG_WARN_STRICT_PROTOTYPES = YES;
				CLANG_WARN_SUSPICIOUS_MOVE = YES;
				CLANG_WARN_UNGUARDED_AVAILABILITY = YES_AGGRESSIVE;
				CLANG_WARN_UNREACHABLE_CODE = YES;
				CLANG_WARN__DUPLICATE_METHOD_MATCH = YES;
				COPY_PHASE_STRIP = NO;
				DEBUG_INFORMATION_FORMAT = "dwarf-with-dsym";
				ENABLE_NS_ASSERTIONS = NO;
				ENABLE_STRICT_OBJC_MSGSEND = YES;
				ENABLE_USER_SCRIPT_SANDBOXING = YES;
				GCC_C_LANGUAGE_STANDARD = gnu17;
				GCC_NO_COMMON_BLOCKS = YES;
				GCC_WARN_64_TO_32_BIT_CONVERSION = YES;
				GCC_WARN_ABOUT_RETURN_TYPE = YES_ERROR;
				GCC_WARN_UNDECLARED_SELECTOR = YES;
				GCC_WARN_UNINITIALIZED_AUTOS = YES_AGGRESSIVE;
				GCC_WARN_UNUSED_FUNCTION = YES;
				GCC_WARN_UNUSED_VARIABLE = YES;
				IPHONEOS_DEPLOYMENT_TARGET = 17.2;
				LOCALIZATION_PREFERS_STRING_CATALOGS = YES;
				MTL_ENABLE_DEBUG_INFO = NO;
				MTL_FAST_MATH = YES;
				SDKROOT = iphoneos;
				SWIFT_COMPILATION_MODE = wholemodule;
				VALIDATE_PRODUCT = YES;
			};
			name = Release;
		};
		FAE31D872B7B8A1C00C90B20 /* Debug */ = {
			isa = XCBuildConfiguration;
			buildSettings = {
				ASSETCATALOG_COMPILER_APPICON_NAME = AppIcon;
				ASSETCATALOG_COMPILER_GLOBAL_ACCENT_COLOR_NAME = AccentColor;
				CODE_SIGN_STYLE = Automatic;
				CURRENT_PROJECT_VERSION = 1;
				DEVELOPMENT_ASSET_PATHS = "\"nanit-happy-birthday/Preview Content\"";
				ENABLE_PREVIEWS = YES;
				GENERATE_INFOPLIST_FILE = YES;
				INFOPLIST_KEY_UIApplicationSceneManifest_Generation = YES;
				INFOPLIST_KEY_UIApplicationSupportsIndirectInputEvents = YES;
				INFOPLIST_KEY_UILaunchScreen_Generation = YES;
				INFOPLIST_KEY_UISupportedInterfaceOrientations_iPad = "UIInterfaceOrientationPortrait UIInterfaceOrientationPortraitUpsideDown UIInterfaceOrientationLandscapeLeft UIInterfaceOrientationLandscapeRight";
				INFOPLIST_KEY_UISupportedInterfaceOrientations_iPhone = "UIInterfaceOrientationPortrait UIInterfaceOrientationLandscapeLeft UIInterfaceOrientationLandscapeRight";
				LD_RUNPATH_SEARCH_PATHS = (
					"$(inherited)",
					"@executable_path/Frameworks",
				);
				MARKETING_VERSION = 1.0;
				PRODUCT_BUNDLE_IDENTIFIER = "Home.nanit-happy-birthday";
				PRODUCT_NAME = "$(TARGET_NAME)";
				SWIFT_EMIT_LOC_STRINGS = YES;
				SWIFT_VERSION = 5.0;
				TARGETED_DEVICE_FAMILY = "1,2";
			};
			name = Debug;
		};
		FAE31D882B7B8A1C00C90B20 /* Release */ = {
			isa = XCBuildConfiguration;
			buildSettings = {
				ASSETCATALOG_COMPILER_APPICON_NAME = AppIcon;
				ASSETCATALOG_COMPILER_GLOBAL_ACCENT_COLOR_NAME = AccentColor;
				CODE_SIGN_STYLE = Automatic;
				CURRENT_PROJECT_VERSION = 1;
				DEVELOPMENT_ASSET_PATHS = "\"nanit-happy-birthday/Preview Content\"";
				ENABLE_PREVIEWS = YES;
				GENERATE_INFOPLIST_FILE = YES;
				INFOPLIST_KEY_UIApplicationSceneManifest_Generation = YES;
				INFOPLIST_KEY_UIApplicationSupportsIndirectInputEvents = YES;
				INFOPLIST_KEY_UILaunchScreen_Generation = YES;
				INFOPLIST_KEY_UISupportedInterfaceOrientations_iPad = "UIInterfaceOrientationPortrait UIInterfaceOrientationPortraitUpsideDown UIInterfaceOrientationLandscapeLeft UIInterfaceOrientationLandscapeRight";
				INFOPLIST_KEY_UISupportedInterfaceOrientations_iPhone = "UIInterfaceOrientationPortrait UIInterfaceOrientationLandscapeLeft UIInterfaceOrientationLandscapeRight";
				LD_RUNPATH_SEARCH_PATHS = (
					"$(inherited)",
					"@executable_path/Frameworks",
				);
				MARKETING_VERSION = 1.0;
				PRODUCT_BUNDLE_IDENTIFIER = "Home.nanit-happy-birthday";
				PRODUCT_NAME = "$(TARGET_NAME)";
				SWIFT_EMIT_LOC_STRINGS = YES;
				SWIFT_VERSION = 5.0;
				TARGETED_DEVICE_FAMILY = "1,2";
			};
			name = Release;
		};
/* End XCBuildConfiguration section */

/* Begin XCConfigurationList section */
		FAE31D732B7B8A1800C90B20 /* Build configuration list for PBXProject "nanit-happy-birthday" */ = {
			isa = XCConfigurationList;
			buildConfigurations = (
				FAE31D842B7B8A1C00C90B20 /* Debug */,
				FAE31D852B7B8A1C00C90B20 /* Release */,
			);
			defaultConfigurationIsVisible = 0;
			defaultConfigurationName = Release;
		};
		FAE31D862B7B8A1C00C90B20 /* Build configuration list for PBXNativeTarget "nanit-happy-birthday" */ = {
			isa = XCConfigurationList;
			buildConfigurations = (
				FAE31D872B7B8A1C00C90B20 /* Debug */,
				FAE31D882B7B8A1C00C90B20 /* Release */,
			);
			defaultConfigurationIsVisible = 0;
			defaultConfigurationName = Release;
		};
/* End XCConfigurationList section */
	};
	rootObject = FAE31D702B7B8A1800C90B20 /* Project object */;
}
